
Microsoft Visual Studio Solution File, Format Version 12.00
# Visual Studio Version 16
VisualStudioVersion = 16.0.29613.14
MinimumVisualStudioVersion = 10.0.40219.1
Project("{FAE04EC0-301F-11D3-BF4B-00C04F79EFBC}") = "service", "service.csproj", "{2014C1CE-F25B-4BD1-92E8-5D1113B0AE0D}"
EndProject
Global
	GlobalSection(SolutionConfigurationPlatforms) = preSolution
		Debug|Any CPU = Debug|Any CPU
		Release|Any CPU = Release|Any CPU
	EndGlobalSection
	GlobalSection(ProjectConfigurationPlatforms) = postSolution
		{2014C1CE-F25B-4BD1-92E8-5D1113B0AE0D}.Debug|Any CPU.ActiveCfg = Debug|Any CPU
		{2014C1CE-F25B-4BD1-92E8-5D1113B0AE0D}.Debug|Any CPU.Build.0 = Debug|Any CPU
		{2014C1CE-F25B-4BD1-92E8-5D1113B0AE0D}.Release|Any CPU.ActiveCfg = Release|Any CPU
		{2014C1CE-F25B-4BD1-92E8-5D1113B0AE0D}.Release|Any CPU.Build.0 = Release|Any CPU
	EndGlobalSection
	GlobalSection(SolutionProperties) = preSolution
		HideSolutionNode = FALSE
	EndGlobalSection
	GlobalSection(ExtensibilityGlobals) = postSolution
		SolutionGuid = {928104CA-5C00-4931-A560-4F6F29A49CD0}
	EndGlobalSection
EndGlobal
